// !$*UTF8*$!
{
	archiveVersion = 1;
	classes = {
	};
	objectVersion = 50;
	objects = {

/* Begin PBXBuildFile section */
		2C60E7E19B9C5234E145F97F /* Pods_ToolBox.framework in Frameworks */ = {isa = PBXBuildFile; fileRef = F09BBB3CF99C652B5E9EECDD /* Pods_ToolBox.framework */; };
		71E687962086DD1990D560C3 /* Pods_ToolBoxTests.framework in Frameworks */ = {isa = PBXBuildFile; fileRef = 4950456D2B5361D661E89235 /* Pods_ToolBoxTests.framework */; };
		9A21388721B16C8200B360EC /* CGFloatTests.swift in Sources */ = {isa = PBXBuildFile; fileRef = 9A21388621B16C8200B360EC /* CGFloatTests.swift */; };
		9A21388921B173F900B360EC /* UIColorTests.swift in Sources */ = {isa = PBXBuildFile; fileRef = 9A21388821B173F900B360EC /* UIColorTests.swift */; };
		9AB1755E21B13CA5001BEF89 /* ToolBox.framework in Frameworks */ = {isa = PBXBuildFile; fileRef = 9AB1755421B13CA4001BEF89 /* ToolBox.framework */; };
		9AB1756521B13CA5001BEF89 /* ToolBox.h in Headers */ = {isa = PBXBuildFile; fileRef = 9AB1755721B13CA4001BEF89 /* ToolBox.h */; settings = {ATTRIBUTES = (Public, ); }; };
		9AF7B10B21B13E1400658DF1 /* UIColor+Hex.swift in Sources */ = {isa = PBXBuildFile; fileRef = 9AF7B10A21B13E1400658DF1 /* UIColor+Hex.swift */; };
		9AF7B10E21B13E4D00658DF1 /* UITableView+EmptyTableMessage.swift in Sources */ = {isa = PBXBuildFile; fileRef = 9AF7B10D21B13E4D00658DF1 /* UITableView+EmptyTableMessage.swift */; };
		9AF7B11221B13EAA00658DF1 /* UIView+Rounded.swift in Sources */ = {isa = PBXBuildFile; fileRef = 9AF7B11121B13EAA00658DF1 /* UIView+Rounded.swift */; };
		9AF7B11521B13ED600658DF1 /* String+Localized.swift in Sources */ = {isa = PBXBuildFile; fileRef = 9AF7B11421B13ED600658DF1 /* String+Localized.swift */; };
		9AF7B11821B13F2600658DF1 /* Comparable+Clamped.swift in Sources */ = {isa = PBXBuildFile; fileRef = 9AF7B11721B13F2600658DF1 /* Comparable+Clamped.swift */; };
		9AF7B11B21B13F5B00658DF1 /* CGFloat+Spaces.swift in Sources */ = {isa = PBXBuildFile; fileRef = 9AF7B11A21B13F5B00658DF1 /* CGFloat+Spaces.swift */; };
		9AF7B11E21B13FB500658DF1 /* ReusableIdentifierProtocol.swift in Sources */ = {isa = PBXBuildFile; fileRef = 9AF7B11D21B13FB500658DF1 /* ReusableIdentifierProtocol.swift */; };
		9AF7B12121B1400C00658DF1 /* TBTargetAction.swift in Sources */ = {isa = PBXBuildFile; fileRef = 9AF7B12021B1400C00658DF1 /* TBTargetAction.swift */; };
		9AF7B12421B140A000658DF1 /* TBLoginViewController.swift in Sources */ = {isa = PBXBuildFile; fileRef = 9AF7B12321B140A000658DF1 /* TBLoginViewController.swift */; };
		9AF7B12621B140D300658DF1 /* TBQuickSelectionPresentationController.swift in Sources */ = {isa = PBXBuildFile; fileRef = 9AF7B12521B140D300658DF1 /* TBQuickSelectionPresentationController.swift */; };
		9AF7B12921B1411F00658DF1 /* TBLoginView.swift in Sources */ = {isa = PBXBuildFile; fileRef = 9AF7B12821B1411F00658DF1 /* TBLoginView.swift */; };
		9AF7B12B21B1418D00658DF1 /* TBTextFieldTableViewCell.swift in Sources */ = {isa = PBXBuildFile; fileRef = 9AF7B12A21B1418D00658DF1 /* TBTextFieldTableViewCell.swift */; };
		9AF7B12D21B1422600658DF1 /* TBButtonTableViewCell.swift in Sources */ = {isa = PBXBuildFile; fileRef = 9AF7B12C21B1422600658DF1 /* TBButtonTableViewCell.swift */; };
		9AF7B12F21B1424900658DF1 /* TBStepperTableViewCell.swift in Sources */ = {isa = PBXBuildFile; fileRef = 9AF7B12E21B1424900658DF1 /* TBStepperTableViewCell.swift */; };
		9AF7B13121B1429700658DF1 /* TBSwitchTableViewCell.swift in Sources */ = {isa = PBXBuildFile; fileRef = 9AF7B13021B1429700658DF1 /* TBSwitchTableViewCell.swift */; };
		9AF7B13321B142B700658DF1 /* TBDefaultValue1TableViewCell.swift in Sources */ = {isa = PBXBuildFile; fileRef = 9AF7B13221B142B700658DF1 /* TBDefaultValue1TableViewCell.swift */; };
		9AF7B13521B142CF00658DF1 /* TBLoadingButton.swift in Sources */ = {isa = PBXBuildFile; fileRef = 9AF7B13421B142CF00658DF1 /* TBLoadingButton.swift */; };
		9AF7B13921B1442900658DF1 /* ProtocolTests.swift in Sources */ = {isa = PBXBuildFile; fileRef = 9AF7B13821B1442900658DF1 /* ProtocolTests.swift */; };
		9AF7B13B21B144F200658DF1 /* TestTableViewCell.swift in Sources */ = {isa = PBXBuildFile; fileRef = 9AF7B13A21B144F200658DF1 /* TestTableViewCell.swift */; };
		9AF7B13D21B1450E00658DF1 /* TestCollectionViewCell.swift in Sources */ = {isa = PBXBuildFile; fileRef = 9AF7B13C21B1450E00658DF1 /* TestCollectionViewCell.swift */; };
		9AF7B13F21B1465200658DF1 /* TestTableViewHeaderFooterView.swift in Sources */ = {isa = PBXBuildFile; fileRef = 9AF7B13E21B1465200658DF1 /* TestTableViewHeaderFooterView.swift */; };
/* End PBXBuildFile section */

/* Begin PBXContainerItemProxy section */
		9AB1755F21B13CA5001BEF89 /* PBXContainerItemProxy */ = {
			isa = PBXContainerItemProxy;
			containerPortal = 9AB1754B21B13CA4001BEF89 /* Project object */;
			proxyType = 1;
			remoteGlobalIDString = 9AB1755321B13CA4001BEF89;
			remoteInfo = ToolBox;
		};
/* End PBXContainerItemProxy section */

/* Begin PBXFileReference section */
		0331035324877CAA962495C3 /* Pods-ToolBoxTests.release.xcconfig */ = {isa = PBXFileReference; includeInIndex = 1; lastKnownFileType = text.xcconfig; name = "Pods-ToolBoxTests.release.xcconfig"; path = "Pods/Target Support Files/Pods-ToolBoxTests/Pods-ToolBoxTests.release.xcconfig"; sourceTree = "<group>"; };
		4950456D2B5361D661E89235 /* Pods_ToolBoxTests.framework */ = {isa = PBXFileReference; explicitFileType = wrapper.framework; includeInIndex = 0; path = Pods_ToolBoxTests.framework; sourceTree = BUILT_PRODUCTS_DIR; };
		943EE5321D483E34A20C2F44 /* Pods-ToolBoxTests.debug.xcconfig */ = {isa = PBXFileReference; includeInIndex = 1; lastKnownFileType = text.xcconfig; name = "Pods-ToolBoxTests.debug.xcconfig"; path = "Pods/Target Support Files/Pods-ToolBoxTests/Pods-ToolBoxTests.debug.xcconfig"; sourceTree = "<group>"; };
		9A21388621B16C8200B360EC /* CGFloatTests.swift */ = {isa = PBXFileReference; lastKnownFileType = sourcecode.swift; path = CGFloatTests.swift; sourceTree = "<group>"; };
		9A21388821B173F900B360EC /* UIColorTests.swift */ = {isa = PBXFileReference; lastKnownFileType = sourcecode.swift; path = UIColorTests.swift; sourceTree = "<group>"; };
		9AB1755421B13CA4001BEF89 /* ToolBox.framework */ = {isa = PBXFileReference; explicitFileType = wrapper.framework; includeInIndex = 0; path = ToolBox.framework; sourceTree = BUILT_PRODUCTS_DIR; };
		9AB1755721B13CA4001BEF89 /* ToolBox.h */ = {isa = PBXFileReference; lastKnownFileType = sourcecode.c.h; path = ToolBox.h; sourceTree = "<group>"; };
		9AB1755821B13CA4001BEF89 /* Info.plist */ = {isa = PBXFileReference; lastKnownFileType = text.plist.xml; path = Info.plist; sourceTree = "<group>"; };
		9AB1755D21B13CA5001BEF89 /* ToolBoxTests.xctest */ = {isa = PBXFileReference; explicitFileType = wrapper.cfbundle; includeInIndex = 0; path = ToolBoxTests.xctest; sourceTree = BUILT_PRODUCTS_DIR; };
		9AB1756421B13CA5001BEF89 /* Info.plist */ = {isa = PBXFileReference; lastKnownFileType = text.plist.xml; path = Info.plist; sourceTree = "<group>"; };
		9AF7B10A21B13E1400658DF1 /* UIColor+Hex.swift */ = {isa = PBXFileReference; lastKnownFileType = sourcecode.swift; path = "UIColor+Hex.swift"; sourceTree = "<group>"; };
		9AF7B10D21B13E4D00658DF1 /* UITableView+EmptyTableMessage.swift */ = {isa = PBXFileReference; lastKnownFileType = sourcecode.swift; path = "UITableView+EmptyTableMessage.swift"; sourceTree = "<group>"; };
		9AF7B11121B13EAA00658DF1 /* UIView+Rounded.swift */ = {isa = PBXFileReference; lastKnownFileType = sourcecode.swift; path = "UIView+Rounded.swift"; sourceTree = "<group>"; };
		9AF7B11421B13ED600658DF1 /* String+Localized.swift */ = {isa = PBXFileReference; lastKnownFileType = sourcecode.swift; path = "String+Localized.swift"; sourceTree = "<group>"; };
		9AF7B11721B13F2600658DF1 /* Comparable+Clamped.swift */ = {isa = PBXFileReference; lastKnownFileType = sourcecode.swift; path = "Comparable+Clamped.swift"; sourceTree = "<group>"; };
		9AF7B11A21B13F5B00658DF1 /* CGFloat+Spaces.swift */ = {isa = PBXFileReference; lastKnownFileType = sourcecode.swift; path = "CGFloat+Spaces.swift"; sourceTree = "<group>"; };
		9AF7B11D21B13FB500658DF1 /* ReusableIdentifierProtocol.swift */ = {isa = PBXFileReference; lastKnownFileType = sourcecode.swift; path = ReusableIdentifierProtocol.swift; sourceTree = "<group>"; };
		9AF7B12021B1400C00658DF1 /* TBTargetAction.swift */ = {isa = PBXFileReference; lastKnownFileType = sourcecode.swift; path = TBTargetAction.swift; sourceTree = "<group>"; };
		9AF7B12321B140A000658DF1 /* TBLoginViewController.swift */ = {isa = PBXFileReference; lastKnownFileType = sourcecode.swift; path = TBLoginViewController.swift; sourceTree = "<group>"; };
		9AF7B12521B140D300658DF1 /* TBQuickSelectionPresentationController.swift */ = {isa = PBXFileReference; lastKnownFileType = sourcecode.swift; path = TBQuickSelectionPresentationController.swift; sourceTree = "<group>"; };
		9AF7B12821B1411F00658DF1 /* TBLoginView.swift */ = {isa = PBXFileReference; lastKnownFileType = sourcecode.swift; path = TBLoginView.swift; sourceTree = "<group>"; };
		9AF7B12A21B1418D00658DF1 /* TBTextFieldTableViewCell.swift */ = {isa = PBXFileReference; lastKnownFileType = sourcecode.swift; path = TBTextFieldTableViewCell.swift; sourceTree = "<group>"; };
		9AF7B12C21B1422600658DF1 /* TBButtonTableViewCell.swift */ = {isa = PBXFileReference; lastKnownFileType = sourcecode.swift; path = TBButtonTableViewCell.swift; sourceTree = "<group>"; };
		9AF7B12E21B1424900658DF1 /* TBStepperTableViewCell.swift */ = {isa = PBXFileReference; lastKnownFileType = sourcecode.swift; path = TBStepperTableViewCell.swift; sourceTree = "<group>"; };
		9AF7B13021B1429700658DF1 /* TBSwitchTableViewCell.swift */ = {isa = PBXFileReference; lastKnownFileType = sourcecode.swift; path = TBSwitchTableViewCell.swift; sourceTree = "<group>"; };
		9AF7B13221B142B700658DF1 /* TBDefaultValue1TableViewCell.swift */ = {isa = PBXFileReference; lastKnownFileType = sourcecode.swift; path = TBDefaultValue1TableViewCell.swift; sourceTree = "<group>"; };
		9AF7B13421B142CF00658DF1 /* TBLoadingButton.swift */ = {isa = PBXFileReference; lastKnownFileType = sourcecode.swift; path = TBLoadingButton.swift; sourceTree = "<group>"; };
		9AF7B13821B1442900658DF1 /* ProtocolTests.swift */ = {isa = PBXFileReference; lastKnownFileType = sourcecode.swift; path = ProtocolTests.swift; sourceTree = "<group>"; };
		9AF7B13A21B144F200658DF1 /* TestTableViewCell.swift */ = {isa = PBXFileReference; lastKnownFileType = sourcecode.swift; path = TestTableViewCell.swift; sourceTree = "<group>"; };
		9AF7B13C21B1450E00658DF1 /* TestCollectionViewCell.swift */ = {isa = PBXFileReference; lastKnownFileType = sourcecode.swift; path = TestCollectionViewCell.swift; sourceTree = "<group>"; };
		9AF7B13E21B1465200658DF1 /* TestTableViewHeaderFooterView.swift */ = {isa = PBXFileReference; lastKnownFileType = sourcecode.swift; path = TestTableViewHeaderFooterView.swift; sourceTree = "<group>"; };
		B8AD8765D227F6E8E36A6F8B /* Pods-ToolBox.debug.xcconfig */ = {isa = PBXFileReference; includeInIndex = 1; lastKnownFileType = text.xcconfig; name = "Pods-ToolBox.debug.xcconfig"; path = "Pods/Target Support Files/Pods-ToolBox/Pods-ToolBox.debug.xcconfig"; sourceTree = "<group>"; };
		C0C4EC9F09B7F9C691ADE95F /* Pods-ToolBox.release.xcconfig */ = {isa = PBXFileReference; includeInIndex = 1; lastKnownFileType = text.xcconfig; name = "Pods-ToolBox.release.xcconfig"; path = "Pods/Target Support Files/Pods-ToolBox/Pods-ToolBox.release.xcconfig"; sourceTree = "<group>"; };
		F09BBB3CF99C652B5E9EECDD /* Pods_ToolBox.framework */ = {isa = PBXFileReference; explicitFileType = wrapper.framework; includeInIndex = 0; path = Pods_ToolBox.framework; sourceTree = BUILT_PRODUCTS_DIR; };
/* End PBXFileReference section */

/* Begin PBXFrameworksBuildPhase section */
		9AB1755121B13CA4001BEF89 /* Frameworks */ = {
			isa = PBXFrameworksBuildPhase;
			buildActionMask = 2147483647;
			files = (
				2C60E7E19B9C5234E145F97F /* Pods_ToolBox.framework in Frameworks */,
			);
			runOnlyForDeploymentPostprocessing = 0;
		};
		9AB1755A21B13CA5001BEF89 /* Frameworks */ = {
			isa = PBXFrameworksBuildPhase;
			buildActionMask = 2147483647;
			files = (
				9AB1755E21B13CA5001BEF89 /* ToolBox.framework in Frameworks */,
				71E687962086DD1990D560C3 /* Pods_ToolBoxTests.framework in Frameworks */,
			);
			runOnlyForDeploymentPostprocessing = 0;
		};
/* End PBXFrameworksBuildPhase section */

/* Begin PBXGroup section */
		85124318125FE0E59AD32652 /* Pods */ = {
			isa = PBXGroup;
			children = (
				B8AD8765D227F6E8E36A6F8B /* Pods-ToolBox.debug.xcconfig */,
				C0C4EC9F09B7F9C691ADE95F /* Pods-ToolBox.release.xcconfig */,
				943EE5321D483E34A20C2F44 /* Pods-ToolBoxTests.debug.xcconfig */,
				0331035324877CAA962495C3 /* Pods-ToolBoxTests.release.xcconfig */,
			);
			name = Pods;
			sourceTree = "<group>";
		};
		9A21388521B16C6E00B360EC /* ExtensionTests */ = {
			isa = PBXGroup;
			children = (
				9A21388621B16C8200B360EC /* CGFloatTests.swift */,
				9A21388821B173F900B360EC /* UIColorTests.swift */,
			);
			path = ExtensionTests;
			sourceTree = "<group>";
		};
		9AB1754A21B13CA4001BEF89 = {
			isa = PBXGroup;
			children = (
				9AB1755621B13CA4001BEF89 /* ToolBox */,
				9AB1756121B13CA5001BEF89 /* ToolBoxTests */,
				9AB1755521B13CA4001BEF89 /* Products */,
				85124318125FE0E59AD32652 /* Pods */,
				FC941AFEF782278122172E8E /* Frameworks */,
			);
			sourceTree = "<group>";
		};
		9AB1755521B13CA4001BEF89 /* Products */ = {
			isa = PBXGroup;
			children = (
				9AB1755421B13CA4001BEF89 /* ToolBox.framework */,
				9AB1755D21B13CA5001BEF89 /* ToolBoxTests.xctest */,
			);
			name = Products;
			sourceTree = "<group>";
		};
		9AB1755621B13CA4001BEF89 /* ToolBox */ = {
			isa = PBXGroup;
			children = (
				9AB1755721B13CA4001BEF89 /* ToolBox.h */,
				9AF7B12721B1411200658DF1 /* Views */,
				9AF7B12221B1408A00658DF1 /* ViewControllers */,
				9AF7B11F21B13FF900658DF1 /* Utils */,
				9AF7B11C21B13F9D00658DF1 /* Protocols */,
				9AF7B10821B13DD900658DF1 /* Extensions */,
				9AB1755821B13CA4001BEF89 /* Info.plist */,
			);
			path = ToolBox;
			sourceTree = "<group>";
		};
		9AB1756121B13CA5001BEF89 /* ToolBoxTests */ = {
			isa = PBXGroup;
			children = (
				9A21388521B16C6E00B360EC /* ExtensionTests */,
				9AF7B13621B143FB00658DF1 /* ProtocolTests */,
				9AB1756421B13CA5001BEF89 /* Info.plist */,
			);
			path = ToolBoxTests;
			sourceTree = "<group>";
		};
		9AF7B10821B13DD900658DF1 /* Extensions */ = {
			isa = PBXGroup;
			children = (
				9AF7B11921B13F5000658DF1 /* CGFloat */,
				9AF7B11621B13F1500658DF1 /* Comparable */,
				9AF7B11321B13ECA00658DF1 /* String */,
				9AF7B11021B13E9700658DF1 /* UIView */,
				9AF7B10C21B13E3F00658DF1 /* UITableView */,
				9AF7B10921B13E0100658DF1 /* UIColor */,
			);
			path = Extensions;
			sourceTree = "<group>";
		};
		9AF7B10921B13E0100658DF1 /* UIColor */ = {
			isa = PBXGroup;
			children = (
				9AF7B10A21B13E1400658DF1 /* UIColor+Hex.swift */,
			);
			path = UIColor;
			sourceTree = "<group>";
		};
		9AF7B10C21B13E3F00658DF1 /* UITableView */ = {
			isa = PBXGroup;
			children = (
				9AF7B10D21B13E4D00658DF1 /* UITableView+EmptyTableMessage.swift */,
			);
			path = UITableView;
			sourceTree = "<group>";
		};
		9AF7B11021B13E9700658DF1 /* UIView */ = {
			isa = PBXGroup;
			children = (
				9AF7B11121B13EAA00658DF1 /* UIView+Rounded.swift */,
			);
			path = UIView;
			sourceTree = "<group>";
		};
		9AF7B11321B13ECA00658DF1 /* String */ = {
			isa = PBXGroup;
			children = (
				9AF7B11421B13ED600658DF1 /* String+Localized.swift */,
			);
			path = String;
			sourceTree = "<group>";
		};
		9AF7B11621B13F1500658DF1 /* Comparable */ = {
			isa = PBXGroup;
			children = (
				9AF7B11721B13F2600658DF1 /* Comparable+Clamped.swift */,
			);
			path = Comparable;
			sourceTree = "<group>";
		};
		9AF7B11921B13F5000658DF1 /* CGFloat */ = {
			isa = PBXGroup;
			children = (
				9AF7B11A21B13F5B00658DF1 /* CGFloat+Spaces.swift */,
			);
			path = CGFloat;
			sourceTree = "<group>";
		};
		9AF7B11C21B13F9D00658DF1 /* Protocols */ = {
			isa = PBXGroup;
			children = (
				9AF7B11D21B13FB500658DF1 /* ReusableIdentifierProtocol.swift */,
			);
			path = Protocols;
			sourceTree = "<group>";
		};
		9AF7B11F21B13FF900658DF1 /* Utils */ = {
			isa = PBXGroup;
			children = (
				9AF7B12021B1400C00658DF1 /* TBTargetAction.swift */,
			);
			path = Utils;
			sourceTree = "<group>";
		};
		9AF7B12221B1408A00658DF1 /* ViewControllers */ = {
			isa = PBXGroup;
			children = (
				9AF7B12321B140A000658DF1 /* TBLoginViewController.swift */,
				9AF7B12521B140D300658DF1 /* TBQuickSelectionPresentationController.swift */,
			);
			path = ViewControllers;
			sourceTree = "<group>";
		};
		9AF7B12721B1411200658DF1 /* Views */ = {
			isa = PBXGroup;
			children = (
				9AF7B12821B1411F00658DF1 /* TBLoginView.swift */,
				9AF7B12A21B1418D00658DF1 /* TBTextFieldTableViewCell.swift */,
				9AF7B12C21B1422600658DF1 /* TBButtonTableViewCell.swift */,
				9AF7B12E21B1424900658DF1 /* TBStepperTableViewCell.swift */,
				9AF7B13021B1429700658DF1 /* TBSwitchTableViewCell.swift */,
				9AF7B13221B142B700658DF1 /* TBDefaultValue1TableViewCell.swift */,
				9AF7B13421B142CF00658DF1 /* TBLoadingButton.swift */,
			);
			path = Views;
			sourceTree = "<group>";
		};
		9AF7B13621B143FB00658DF1 /* ProtocolTests */ = {
			isa = PBXGroup;
			children = (
				9AF7B13821B1442900658DF1 /* ProtocolTests.swift */,
				9AF7B13A21B144F200658DF1 /* TestTableViewCell.swift */,
				9AF7B13C21B1450E00658DF1 /* TestCollectionViewCell.swift */,
				9AF7B13E21B1465200658DF1 /* TestTableViewHeaderFooterView.swift */,
			);
			path = ProtocolTests;
			sourceTree = "<group>";
		};
		FC941AFEF782278122172E8E /* Frameworks */ = {
			isa = PBXGroup;
			children = (
				F09BBB3CF99C652B5E9EECDD /* Pods_ToolBox.framework */,
				4950456D2B5361D661E89235 /* Pods_ToolBoxTests.framework */,
			);
			name = Frameworks;
			sourceTree = "<group>";
		};
/* End PBXGroup section */

/* Begin PBXHeadersBuildPhase section */
		9AB1754F21B13CA4001BEF89 /* Headers */ = {
			isa = PBXHeadersBuildPhase;
			buildActionMask = 2147483647;
			files = (
				9AB1756521B13CA5001BEF89 /* ToolBox.h in Headers */,
			);
			runOnlyForDeploymentPostprocessing = 0;
		};
/* End PBXHeadersBuildPhase section */

/* Begin PBXNativeTarget section */
		9AB1755321B13CA4001BEF89 /* ToolBox */ = {
			isa = PBXNativeTarget;
			buildConfigurationList = 9AB1756821B13CA5001BEF89 /* Build configuration list for PBXNativeTarget "ToolBox" */;
			buildPhases = (
				C9B42C92556C425173133007 /* [CP] Check Pods Manifest.lock */,
				9AB1754F21B13CA4001BEF89 /* Headers */,
				9AB1755021B13CA4001BEF89 /* Sources */,
				9AB1755121B13CA4001BEF89 /* Frameworks */,
				9AB1755221B13CA4001BEF89 /* Resources */,
				9AF7B10F21B13E7C00658DF1 /* SwiftLint */,
			);
			buildRules = (
			);
			dependencies = (
			);
			name = ToolBox;
			productName = ToolBox;
			productReference = 9AB1755421B13CA4001BEF89 /* ToolBox.framework */;
			productType = "com.apple.product-type.framework";
		};
		9AB1755C21B13CA5001BEF89 /* ToolBoxTests */ = {
			isa = PBXNativeTarget;
			buildConfigurationList = 9AB1756B21B13CA5001BEF89 /* Build configuration list for PBXNativeTarget "ToolBoxTests" */;
			buildPhases = (
				680E6DA9A06D04A98F2C4C50 /* [CP] Check Pods Manifest.lock */,
				9AB1755921B13CA5001BEF89 /* Sources */,
				9AB1755A21B13CA5001BEF89 /* Frameworks */,
				9AB1755B21B13CA5001BEF89 /* Resources */,
			);
			buildRules = (
			);
			dependencies = (
				9AB1756021B13CA5001BEF89 /* PBXTargetDependency */,
			);
			name = ToolBoxTests;
			productName = ToolBoxTests;
			productReference = 9AB1755D21B13CA5001BEF89 /* ToolBoxTests.xctest */;
			productType = "com.apple.product-type.bundle.unit-test";
		};
/* End PBXNativeTarget section */

/* Begin PBXProject section */
		9AB1754B21B13CA4001BEF89 /* Project object */ = {
			isa = PBXProject;
			attributes = {
				LastSwiftUpdateCheck = 1010;
				LastUpgradeCheck = 1010;
				ORGANIZATIONNAME = "Ediz Turcan";
				TargetAttributes = {
					9AB1755321B13CA4001BEF89 = {
						CreatedOnToolsVersion = 10.1;
						LastSwiftMigration = 1010;
					};
					9AB1755C21B13CA5001BEF89 = {
						CreatedOnToolsVersion = 10.1;
						LastSwiftMigration = 1010;
					};
				};
			};
			buildConfigurationList = 9AB1754E21B13CA4001BEF89 /* Build configuration list for PBXProject "ToolBox" */;
			compatibilityVersion = "Xcode 9.3";
			developmentRegion = en;
			hasScannedForEncodings = 0;
			knownRegions = (
				en,
			);
			mainGroup = 9AB1754A21B13CA4001BEF89;
			productRefGroup = 9AB1755521B13CA4001BEF89 /* Products */;
			projectDirPath = "";
			projectRoot = "";
			targets = (
				9AB1755321B13CA4001BEF89 /* ToolBox */,
				9AB1755C21B13CA5001BEF89 /* ToolBoxTests */,
			);
		};
/* End PBXProject section */

/* Begin PBXResourcesBuildPhase section */
		9AB1755221B13CA4001BEF89 /* Resources */ = {
			isa = PBXResourcesBuildPhase;
			buildActionMask = 2147483647;
			files = (
			);
			runOnlyForDeploymentPostprocessing = 0;
		};
		9AB1755B21B13CA5001BEF89 /* Resources */ = {
			isa = PBXResourcesBuildPhase;
			buildActionMask = 2147483647;
			files = (
			);
			runOnlyForDeploymentPostprocessing = 0;
		};
/* End PBXResourcesBuildPhase section */

/* Begin PBXShellScriptBuildPhase section */
		680E6DA9A06D04A98F2C4C50 /* [CP] Check Pods Manifest.lock */ = {
			isa = PBXShellScriptBuildPhase;
			buildActionMask = 2147483647;
			files = (
			);
			inputFileListPaths = (
			);
			inputPaths = (
				"${PODS_PODFILE_DIR_PATH}/Podfile.lock",
				"${PODS_ROOT}/Manifest.lock",
			);
			name = "[CP] Check Pods Manifest.lock";
			outputFileListPaths = (
			);
			outputPaths = (
				"$(DERIVED_FILE_DIR)/Pods-ToolBoxTests-checkManifestLockResult.txt",
			);
			runOnlyForDeploymentPostprocessing = 0;
			shellPath = /bin/sh;
			shellScript = "diff \"${PODS_PODFILE_DIR_PATH}/Podfile.lock\" \"${PODS_ROOT}/Manifest.lock\" > /dev/null\nif [ $? != 0 ] ; then\n    # print error to STDERR\n    echo \"error: The sandbox is not in sync with the Podfile.lock. Run 'pod install' or update your CocoaPods installation.\" >&2\n    exit 1\nfi\n# This output is used by Xcode 'outputs' to avoid re-running this script phase.\necho \"SUCCESS\" > \"${SCRIPT_OUTPUT_FILE_0}\"\n";
			showEnvVarsInLog = 0;
		};
		9AF7B10F21B13E7C00658DF1 /* SwiftLint */ = {
			isa = PBXShellScriptBuildPhase;
			buildActionMask = 2147483647;
			files = (
			);
			inputFileListPaths = (
			);
			inputPaths = (
			);
			name = SwiftLint;
			outputFileListPaths = (
			);
			outputPaths = (
			);
			runOnlyForDeploymentPostprocessing = 0;
			shellPath = /bin/sh;
			shellScript = "if which \"${PODS_ROOT}/SwiftLint/swiftlint\" >/dev/null; then\n\"${PODS_ROOT}/SwiftLint/swiftlint\" autocorrect\n\"${PODS_ROOT}/SwiftLint/swiftlint\"\nelse\necho \"warning: SwiftLint not installed, download from https://github.com/realm/SwiftLint\"\nfi\n";
		};
		C9B42C92556C425173133007 /* [CP] Check Pods Manifest.lock */ = {
			isa = PBXShellScriptBuildPhase;
			buildActionMask = 2147483647;
			files = (
			);
			inputFileListPaths = (
			);
			inputPaths = (
				"${PODS_PODFILE_DIR_PATH}/Podfile.lock",
				"${PODS_ROOT}/Manifest.lock",
			);
			name = "[CP] Check Pods Manifest.lock";
			outputFileListPaths = (
			);
			outputPaths = (
				"$(DERIVED_FILE_DIR)/Pods-ToolBox-checkManifestLockResult.txt",
			);
			runOnlyForDeploymentPostprocessing = 0;
			shellPath = /bin/sh;
			shellScript = "diff \"${PODS_PODFILE_DIR_PATH}/Podfile.lock\" \"${PODS_ROOT}/Manifest.lock\" > /dev/null\nif [ $? != 0 ] ; then\n    # print error to STDERR\n    echo \"error: The sandbox is not in sync with the Podfile.lock. Run 'pod install' or update your CocoaPods installation.\" >&2\n    exit 1\nfi\n# This output is used by Xcode 'outputs' to avoid re-running this script phase.\necho \"SUCCESS\" > \"${SCRIPT_OUTPUT_FILE_0}\"\n";
			showEnvVarsInLog = 0;
		};
/* End PBXShellScriptBuildPhase section */

/* Begin PBXSourcesBuildPhase section */
		9AB1755021B13CA4001BEF89 /* Sources */ = {
			isa = PBXSourcesBuildPhase;
			buildActionMask = 2147483647;
			files = (
				9AF7B11E21B13FB500658DF1 /* ReusableIdentifierProtocol.swift in Sources */,
				9AF7B10E21B13E4D00658DF1 /* UITableView+EmptyTableMessage.swift in Sources */,
				9AF7B13521B142CF00658DF1 /* TBLoadingButton.swift in Sources */,
				9AF7B12621B140D300658DF1 /* TBQuickSelectionPresentationController.swift in Sources */,
				9AF7B12B21B1418D00658DF1 /* TBTextFieldTableViewCell.swift in Sources */,
				9AF7B13121B1429700658DF1 /* TBSwitchTableViewCell.swift in Sources */,
				9AF7B12121B1400C00658DF1 /* TBTargetAction.swift in Sources */,
				9AF7B11B21B13F5B00658DF1 /* CGFloat+Spaces.swift in Sources */,
				9AF7B11821B13F2600658DF1 /* Comparable+Clamped.swift in Sources */,
				9AF7B10B21B13E1400658DF1 /* UIColor+Hex.swift in Sources */,
				9AF7B11521B13ED600658DF1 /* String+Localized.swift in Sources */,
				9AF7B12421B140A000658DF1 /* TBLoginViewController.swift in Sources */,
				9AF7B12921B1411F00658DF1 /* TBLoginView.swift in Sources */,
				9AF7B12F21B1424900658DF1 /* TBStepperTableViewCell.swift in Sources */,
				9AF7B13321B142B700658DF1 /* TBDefaultValue1TableViewCell.swift in Sources */,
				9AF7B11221B13EAA00658DF1 /* UIView+Rounded.swift in Sources */,
				9AF7B12D21B1422600658DF1 /* TBButtonTableViewCell.swift in Sources */,
			);
			runOnlyForDeploymentPostprocessing = 0;
		};
		9AB1755921B13CA5001BEF89 /* Sources */ = {
			isa = PBXSourcesBuildPhase;
			buildActionMask = 2147483647;
			files = (
				9A21388721B16C8200B360EC /* CGFloatTests.swift in Sources */,
				9AF7B13F21B1465200658DF1 /* TestTableViewHeaderFooterView.swift in Sources */,
				9AF7B13D21B1450E00658DF1 /* TestCollectionViewCell.swift in Sources */,
				9AF7B13921B1442900658DF1 /* ProtocolTests.swift in Sources */,
				9AF7B13B21B144F200658DF1 /* TestTableViewCell.swift in Sources */,
				9A21388921B173F900B360EC /* UIColorTests.swift in Sources */,
			);
			runOnlyForDeploymentPostprocessing = 0;
		};
/* End PBXSourcesBuildPhase section */

/* Begin PBXTargetDependency section */
		9AB1756021B13CA5001BEF89 /* PBXTargetDependency */ = {
			isa = PBXTargetDependency;
			target = 9AB1755321B13CA4001BEF89 /* ToolBox */;
			targetProxy = 9AB1755F21B13CA5001BEF89 /* PBXContainerItemProxy */;
		};
/* End PBXTargetDependency section */

/* Begin XCBuildConfiguration section */
		9AB1756621B13CA5001BEF89 /* Debug */ = {
			isa = XCBuildConfiguration;
			buildSettings = {
				ALWAYS_SEARCH_USER_PATHS = NO;
				CLANG_ANALYZER_NONNULL = YES;
				CLANG_ANALYZER_NUMBER_OBJECT_CONVERSION = YES_AGGRESSIVE;
				CLANG_CXX_LANGUAGE_STANDARD = "gnu++14";
				CLANG_CXX_LIBRARY = "libc++";
				CLANG_ENABLE_MODULES = YES;
				CLANG_ENABLE_OBJC_ARC = YES;
				CLANG_ENABLE_OBJC_WEAK = YES;
				CLANG_WARN_BLOCK_CAPTURE_AUTORELEASING = YES;
				CLANG_WARN_BOOL_CONVERSION = YES;
				CLANG_WARN_COMMA = YES;
				CLANG_WARN_CONSTANT_CONVERSION = YES;
				CLANG_WARN_DEPRECATED_OBJC_IMPLEMENTATIONS = YES;
				CLANG_WARN_DIRECT_OBJC_ISA_USAGE = YES_ERROR;
				CLANG_WARN_DOCUMENTATION_COMMENTS = YES;
				CLANG_WARN_EMPTY_BODY = YES;
				CLANG_WARN_ENUM_CONVERSION = YES;
				CLANG_WARN_INFINITE_RECURSION = YES;
				CLANG_WARN_INT_CONVERSION = YES;
				CLANG_WARN_NON_LITERAL_NULL_CONVERSION = YES;
				CLANG_WARN_OBJC_IMPLICIT_RETAIN_SELF = YES;
				CLANG_WARN_OBJC_LITERAL_CONVERSION = YES;
				CLANG_WARN_OBJC_ROOT_CLASS = YES_ERROR;
				CLANG_WARN_RANGE_LOOP_ANALYSIS = YES;
				CLANG_WARN_STRICT_PROTOTYPES = YES;
				CLANG_WARN_SUSPICIOUS_MOVE = YES;
				CLANG_WARN_UNGUARDED_AVAILABILITY = YES_AGGRESSIVE;
				CLANG_WARN_UNREACHABLE_CODE = YES;
				CLANG_WARN__DUPLICATE_METHOD_MATCH = YES;
				CODE_SIGN_IDENTITY = "iPhone Developer";
				COPY_PHASE_STRIP = NO;
				CURRENT_PROJECT_VERSION = 1;
				DEBUG_INFORMATION_FORMAT = dwarf;
				ENABLE_STRICT_OBJC_MSGSEND = YES;
				ENABLE_TESTABILITY = YES;
				GCC_C_LANGUAGE_STANDARD = gnu11;
				GCC_DYNAMIC_NO_PIC = NO;
				GCC_NO_COMMON_BLOCKS = YES;
				GCC_OPTIMIZATION_LEVEL = 0;
				GCC_PREPROCESSOR_DEFINITIONS = (
					"DEBUG=1",
					"$(inherited)",
				);
				GCC_WARN_64_TO_32_BIT_CONVERSION = YES;
				GCC_WARN_ABOUT_RETURN_TYPE = YES_ERROR;
				GCC_WARN_UNDECLARED_SELECTOR = YES;
				GCC_WARN_UNINITIALIZED_AUTOS = YES_AGGRESSIVE;
				GCC_WARN_UNUSED_FUNCTION = YES;
				GCC_WARN_UNUSED_VARIABLE = YES;
				IPHONEOS_DEPLOYMENT_TARGET = 11.0;
				MTL_ENABLE_DEBUG_INFO = INCLUDE_SOURCE;
				MTL_FAST_MATH = YES;
				ONLY_ACTIVE_ARCH = YES;
				SDKROOT = iphoneos;
				SWIFT_ACTIVE_COMPILATION_CONDITIONS = DEBUG;
				SWIFT_OPTIMIZATION_LEVEL = "-Onone";
				VERSIONING_SYSTEM = "apple-generic";
				VERSION_INFO_PREFIX = "";
			};
			name = Debug;
		};
		9AB1756721B13CA5001BEF89 /* Release */ = {
			isa = XCBuildConfiguration;
			buildSettings = {
				ALWAYS_SEARCH_USER_PATHS = NO;
				CLANG_ANALYZER_NONNULL = YES;
				CLANG_ANALYZER_NUMBER_OBJECT_CONVERSION = YES_AGGRESSIVE;
				CLANG_CXX_LANGUAGE_STANDARD = "gnu++14";
				CLANG_CXX_LIBRARY = "libc++";
				CLANG_ENABLE_MODULES = YES;
				CLANG_ENABLE_OBJC_ARC = YES;
				CLANG_ENABLE_OBJC_WEAK = YES;
				CLANG_WARN_BLOCK_CAPTURE_AUTORELEASING = YES;
				CLANG_WARN_BOOL_CONVERSION = YES;
				CLANG_WARN_COMMA = YES;
				CLANG_WARN_CONSTANT_CONVERSION = YES;
				CLANG_WARN_DEPRECATED_OBJC_IMPLEMENTATIONS = YES;
				CLANG_WARN_DIRECT_OBJC_ISA_USAGE = YES_ERROR;
				CLANG_WARN_DOCUMENTATION_COMMENTS = YES;
				CLANG_WARN_EMPTY_BODY = YES;
				CLANG_WARN_ENUM_CONVERSION = YES;
				CLANG_WARN_INFINITE_RECURSION = YES;
				CLANG_WARN_INT_CONVERSION = YES;
				CLANG_WARN_NON_LITERAL_NULL_CONVERSION = YES;
				CLANG_WARN_OBJC_IMPLICIT_RETAIN_SELF = YES;
				CLANG_WARN_OBJC_LITERAL_CONVERSION = YES;
				CLANG_WARN_OBJC_ROOT_CLASS = YES_ERROR;
				CLANG_WARN_RANGE_LOOP_ANALYSIS = YES;
				CLANG_WARN_STRICT_PROTOTYPES = YES;
				CLANG_WARN_SUSPICIOUS_MOVE = YES;
				CLANG_WARN_UNGUARDED_AVAILABILITY = YES_AGGRESSIVE;
				CLANG_WARN_UNREACHABLE_CODE = YES;
				CLANG_WARN__DUPLICATE_METHOD_MATCH = YES;
				CODE_SIGN_IDENTITY = "iPhone Developer";
				COPY_PHASE_STRIP = NO;
				CURRENT_PROJECT_VERSION = 1;
				DEBUG_INFORMATION_FORMAT = "dwarf-with-dsym";
				ENABLE_NS_ASSERTIONS = NO;
				ENABLE_STRICT_OBJC_MSGSEND = YES;
				GCC_C_LANGUAGE_STANDARD = gnu11;
				GCC_NO_COMMON_BLOCKS = YES;
				GCC_WARN_64_TO_32_BIT_CONVERSION = YES;
				GCC_WARN_ABOUT_RETURN_TYPE = YES_ERROR;
				GCC_WARN_UNDECLARED_SELECTOR = YES;
				GCC_WARN_UNINITIALIZED_AUTOS = YES_AGGRESSIVE;
				GCC_WARN_UNUSED_FUNCTION = YES;
				GCC_WARN_UNUSED_VARIABLE = YES;
				IPHONEOS_DEPLOYMENT_TARGET = 11.0;
				MTL_ENABLE_DEBUG_INFO = NO;
				MTL_FAST_MATH = YES;
				SDKROOT = iphoneos;
				SWIFT_COMPILATION_MODE = wholemodule;
				SWIFT_OPTIMIZATION_LEVEL = "-O";
				VALIDATE_PRODUCT = YES;
				VERSIONING_SYSTEM = "apple-generic";
				VERSION_INFO_PREFIX = "";
			};
			name = Release;
		};
		9AB1756921B13CA5001BEF89 /* Debug */ = {
			isa = XCBuildConfiguration;
			baseConfigurationReference = B8AD8765D227F6E8E36A6F8B /* Pods-ToolBox.debug.xcconfig */;
			buildSettings = {
				CLANG_ENABLE_MODULES = YES;
				CODE_SIGN_IDENTITY = "";
				CODE_SIGN_STYLE = Automatic;
				DEFINES_MODULE = YES;
				DEVELOPMENT_TEAM = 362P5EMCYA;
				DYLIB_COMPATIBILITY_VERSION = 1;
				DYLIB_CURRENT_VERSION = 1;
				DYLIB_INSTALL_NAME_BASE = "@rpath";
				INFOPLIST_FILE = ToolBox/Info.plist;
				INSTALL_PATH = "$(LOCAL_LIBRARY_DIR)/Frameworks";
				LD_RUNPATH_SEARCH_PATHS = (
					"$(inherited)",
					"@executable_path/Frameworks",
					"@loader_path/Frameworks",
				);
				PRODUCT_BUNDLE_IDENTIFIER = de.turcan.ToolBox;
				PRODUCT_NAME = "$(TARGET_NAME:c99extidentifier)";
				SKIP_INSTALL = YES;
				SWIFT_OPTIMIZATION_LEVEL = "-Onone";
				SWIFT_VERSION = 4.2;
				TARGETED_DEVICE_FAMILY = "1,2";
			};
			name = Debug;
		};
		9AB1756A21B13CA5001BEF89 /* Release */ = {
			isa = XCBuildConfiguration;
			baseConfigurationReference = C0C4EC9F09B7F9C691ADE95F /* Pods-ToolBox.release.xcconfig */;
			buildSettings = {
				CLANG_ENABLE_MODULES = YES;
				CODE_SIGN_IDENTITY = "";
				CODE_SIGN_STYLE = Automatic;
				DEFINES_MODULE = YES;
				DEVELOPMENT_TEAM = 362P5EMCYA;
				DYLIB_COMPATIBILITY_VERSION = 1;
				DYLIB_CURRENT_VERSION = 1;
				DYLIB_INSTALL_NAME_BASE = "@rpath";
				INFOPLIST_FILE = ToolBox/Info.plist;
				INSTALL_PATH = "$(LOCAL_LIBRARY_DIR)/Frameworks";
				LD_RUNPATH_SEARCH_PATHS = (
					"$(inherited)",
					"@executable_path/Frameworks",
					"@loader_path/Frameworks",
				);
				PRODUCT_BUNDLE_IDENTIFIER = de.turcan.ToolBox;
				PRODUCT_NAME = "$(TARGET_NAME:c99extidentifier)";
				SKIP_INSTALL = YES;
				SWIFT_VERSION = 4.2;
				TARGETED_DEVICE_FAMILY = "1,2";
			};
			name = Release;
		};
		9AB1756C21B13CA5001BEF89 /* Debug */ = {
			isa = XCBuildConfiguration;
			baseConfigurationReference = 943EE5321D483E34A20C2F44 /* Pods-ToolBoxTests.debug.xcconfig */;
			buildSettings = {
				ALWAYS_EMBED_SWIFT_STANDARD_LIBRARIES = YES;
				CLANG_ENABLE_MODULES = YES;
				CODE_SIGN_STYLE = Automatic;
				DEVELOPMENT_TEAM = 362P5EMCYA;
				INFOPLIST_FILE = ToolBoxTests/Info.plist;
				LD_RUNPATH_SEARCH_PATHS = (
					"$(inherited)",
					"@executable_path/Frameworks",
					"@loader_path/Frameworks",
				);
				PRODUCT_BUNDLE_IDENTIFIER = de.turcan.ToolBoxTests;
				PRODUCT_NAME = "$(TARGET_NAME)";
				SWIFT_OBJC_BRIDGING_HEADER = "";
				SWIFT_OPTIMIZATION_LEVEL = "-Onone";
				SWIFT_VERSION = 4.2;
				TARGETED_DEVICE_FAMILY = "1,2";
			};
			name = Debug;
		};
		9AB1756D21B13CA5001BEF89 /* Release */ = {
			isa = XCBuildConfiguration;
			baseConfigurationReference = 0331035324877CAA962495C3 /* Pods-ToolBoxTests.release.xcconfig */;
			buildSettings = {
				ALWAYS_EMBED_SWIFT_STANDARD_LIBRARIES = YES;
				CLANG_ENABLE_MODULES = YES;
				CODE_SIGN_STYLE = Automatic;
				DEVELOPMENT_TEAM = 362P5EMCYA;
				INFOPLIST_FILE = ToolBoxTests/Info.plist;
				LD_RUNPATH_SEARCH_PATHS = (
					"$(inherited)",
					"@executable_path/Frameworks",
					"@loader_path/Frameworks",
				);
				PRODUCT_BUNDLE_IDENTIFIER = de.turcan.ToolBoxTests;
				PRODUCT_NAME = "$(TARGET_NAME)";
				SWIFT_OBJC_BRIDGING_HEADER = "";
				SWIFT_VERSION = 4.2;
				TARGETED_DEVICE_FAMILY = "1,2";
			};
			name = Release;
		};
/* End XCBuildConfiguration section */

/* Begin XCConfigurationList section */
		9AB1754E21B13CA4001BEF89 /* Build configuration list for PBXProject "ToolBox" */ = {
			isa = XCConfigurationList;
			buildConfigurations = (
				9AB1756621B13CA5001BEF89 /* Debug */,
				9AB1756721B13CA5001BEF89 /* Release */,
			);
			defaultConfigurationIsVisible = 0;
			defaultConfigurationName = Release;
		};
		9AB1756821B13CA5001BEF89 /* Build configuration list for PBXNativeTarget "ToolBox" */ = {
			isa = XCConfigurationList;
			buildConfigurations = (
				9AB1756921B13CA5001BEF89 /* Debug */,
				9AB1756A21B13CA5001BEF89 /* Release */,
			);
			defaultConfigurationIsVisible = 0;
			defaultConfigurationName = Release;
		};
		9AB1756B21B13CA5001BEF89 /* Build configuration list for PBXNativeTarget "ToolBoxTests" */ = {
			isa = XCConfigurationList;
			buildConfigurations = (
				9AB1756C21B13CA5001BEF89 /* Debug */,
				9AB1756D21B13CA5001BEF89 /* Release */,
			);
			defaultConfigurationIsVisible = 0;
			defaultConfigurationName = Release;
		};
/* End XCConfigurationList section */
	};
	rootObject = 9AB1754B21B13CA4001BEF89 /* Project object */;
}
